# THIS IS AN AUTOGENERATED FILE. DO NOT EDIT THIS FILE DIRECTLY.
# yarn lockfile v1


"@types/node@^13.9.1":
  version "13.9.1"
  resolved "https://registry.yarnpkg.com/@types/node/-/node-13.9.1.tgz#96f606f8cd67fb018847d9b61e93997dabdefc72"
  integrity sha512-E6M6N0blf/jiZx8Q3nb0vNaswQeEyn0XlupO+xN6DtJ6r6IT4nXrTry7zhIfYvFCl3/8Cu6WIysmUBKiqV0bqQ==

camelcase@^5.3.1:
  version "5.3.1"
  resolved "https://registry.yarnpkg.com/camelcase/-/camelcase-5.3.1.tgz#e3c9b31569e106811df242f715725a1f4c494320"
  integrity sha512-L28STB170nwWS63UjtlEOE3dldQApaJXZkOI1uMFfzf3rRuPegHaHesyee+YxQ+W6SvRDQV6UrdOdRiR153wJg==

countries-and-timezones@^2.0.5:
  version "2.0.5"
  resolved "https://registry.yarnpkg.com/countries-and-timezones/-/countries-and-timezones-2.0.5.tgz#e6e3eae3a7d0dc4b2599a48b91fc1e01647d3895"
  integrity sha512-TSsvUFb63PfiNrv3fpRgUIeFgnR7shfXRbeKdjbQ8bPonEJPgezziSGszh6A8xaKNSoYD7tgFCbJpTg03iTzng==

spdx-license-list@^6.1.0:
  version "6.1.0"
  resolved "https://registry.yarnpkg.com/spdx-license-list/-/spdx-license-list-6.1.0.tgz#a79cf9fb0222db69dfef067f61c52f0eb3ad36bb"
  integrity sha512-xiaE3KtBiylVmZrlux8tHR28HZgZ921HTXbx2fEZaDloRjbBOro79LeKttcQJ5MSDYFKG7in9v2GTAEhcR9/Qg==
